
Microsoft Visual Studio Solution File, Format Version 12.00
# Visual Studio Version 17
VisualStudioVersion = 17.8.34316.72
MinimumVisualStudioVersion = 10.0.40219.1
Project("{2150E333-8FDC-42A3-9474-1A3956D46DE8}") = "src", "src", "{16E79BEF-17F7-47C9-9B92-7431202561B9}"
EndProject
Project("{2150E333-8FDC-42A3-9474-1A3956D46DE8}") = "BuildingBlocks", "BuildingBlocks", "{5E06B841-1F86-402E-9816-389DD1F0388A}"
EndProject
Project("{2150E333-8FDC-42A3-9474-1A3956D46DE8}") = "Services", "Services", "{BBA5E013-E8A6-443D-A306-D873E7C752FB}"
EndProject
Project("{2150E333-8FDC-42A3-9474-1A3956D46DE8}") = "Web", "Web", "{23794DCE-5045-4015-8D9B-2490D182647D}"
EndProject
Project("{2150E333-8FDC-42A3-9474-1A3956D46DE8}") = "Identidade", "Identidade", "{040EBBF2-7AA5-4F9B-B60E-59D28CB769E3}"
EndProject
Project("{2150E333-8FDC-42A3-9474-1A3956D46DE8}") = "MVC", "MVC", "{A4E66CDF-6F8A-4952-8AE5-035E2172186D}"
EndProject
Project("{9A19103F-16F7-4668-BE54-9A1E7A4F7556}") = "NSE.WebApp.MVC", "src\web\NSE.WebApp.NVC\NSE.WebApp.MVC.csproj", "{422EB419-BD89-4535-8372-B39193E80E42}"
EndProject
Project("{2150E333-8FDC-42A3-9474-1A3956D46DE8}") = "Core", "Core", "{FE748F6F-8676-4B8A-952A-94C6782BA054}"
EndProject
Project("{9A19103F-16F7-4668-BE54-9A1E7A4F7556}") = "NSE.Core", "src\buildingBlocks\NSE.Core\NSE.Core.csproj", "{D7B785D5-D5A5-41B7-B072-03CD636769AB}"
EndProject
Project("{2150E333-8FDC-42A3-9474-1A3956D46DE8}") = "Pedido", "Pedido", "{0BBBC7AC-06CE-426E-AB68-BE88548F2F2E}"
EndProject
Project("{9A19103F-16F7-4668-BE54-9A1E7A4F7556}") = "NSE.Pedido.API", "src\services\NSE.Pedido.API\NSE.Pedido.API.csproj", "{DCEAE6AF-DAF1-4630-AB90-54BB9D75C42F}"
EndProject
Project("{2150E333-8FDC-42A3-9474-1A3956D46DE8}") = "Pagamento", "Pagamento", "{0F95BC0C-DB20-4457-BDC5-DCBEB22873E7}"
EndProject
Project("{9A19103F-16F7-4668-BE54-9A1E7A4F7556}") = "NSE.Pagamento.API", "src\services\NSE.Pagamento.API\NSE.Pagamento.API.csproj", "{8AEBA5D9-87CD-4273-9E26-975B7BBE2A19}"
EndProject
Project("{2150E333-8FDC-42A3-9474-1A3956D46DE8}") = "Cliente", "Cliente", "{103EC2E6-AF7A-42E2-B8F0-83CA76057BA0}"
EndProject
Project("{2150E333-8FDC-42A3-9474-1A3956D46DE8}") = "Catalago", "Catalago", "{12ACB10E-AC1C-4843-A876-72B0DE91F295}"
EndProject
Project("{9A19103F-16F7-4668-BE54-9A1E7A4F7556}") = "NSE.Catalago.APi", "src\services\NSE.Catalago.APi\NSE.Catalago.APi.csproj", "{ABD64DC6-73CF-4287-B400-DAF8BD89893B}"
EndProject
Project("{2150E333-8FDC-42A3-9474-1A3956D46DE8}") = "Carrinho", "Carrinho", "{9CFA3893-F0A4-4E94-A143-998DC92274F2}"
EndProject
Project("{9A19103F-16F7-4668-BE54-9A1E7A4F7556}") = "NSE.Carrinho.API", "src\services\NSE.Carrinho.API\NSE.Carrinho.API.csproj", "{AD891DE8-5A4B-46D0-A2A9-D21F00E6C8A9}"
EndProject
Project("{9A19103F-16F7-4668-BE54-9A1E7A4F7556}") = "NSE.Cliente.API", "src\services\NSE.Cliente.API\NSE.Cliente.API.csproj", "{88028657-6823-4BE7-AAA1-E0F0070C0394}"
EndProject
Project("{9A19103F-16F7-4668-BE54-9A1E7A4F7556}") = "NSE.Identidade.API", "src\services\NSE.Identidade.API\NSE.Identidade.API.csproj", "{C0A5D72E-26E9-48B4-ADE2-A0CC35C4E12E}"
EndProject
Global
	GlobalSection(SolutionConfigurationPlatforms) = preSolution
		Debug|Any CPU = Debug|Any CPU
		Release|Any CPU = Release|Any CPU
	EndGlobalSection
	GlobalSection(ProjectConfigurationPlatforms) = postSolution
		{422EB419-BD89-4535-8372-B39193E80E42}.Debug|Any CPU.ActiveCfg = Debug|Any CPU
		{422EB419-BD89-4535-8372-B39193E80E42}.Debug|Any CPU.Build.0 = Debug|Any CPU
		{422EB419-BD89-4535-8372-B39193E80E42}.Release|Any CPU.ActiveCfg = Release|Any CPU
		{422EB419-BD89-4535-8372-B39193E80E42}.Release|Any CPU.Build.0 = Release|Any CPU
		{D7B785D5-D5A5-41B7-B072-03CD636769AB}.Debug|Any CPU.ActiveCfg = Debug|Any CPU
		{D7B785D5-D5A5-41B7-B072-03CD636769AB}.Debug|Any CPU.Build.0 = Debug|Any CPU
		{D7B785D5-D5A5-41B7-B072-03CD636769AB}.Release|Any CPU.ActiveCfg = Release|Any CPU
		{D7B785D5-D5A5-41B7-B072-03CD636769AB}.Release|Any CPU.Build.0 = Release|Any CPU
		{DCEAE6AF-DAF1-4630-AB90-54BB9D75C42F}.Debug|Any CPU.ActiveCfg = Debug|Any CPU
		{DCEAE6AF-DAF1-4630-AB90-54BB9D75C42F}.Debug|Any CPU.Build.0 = Debug|Any CPU
		{DCEAE6AF-DAF1-4630-AB90-54BB9D75C42F}.Release|Any CPU.ActiveCfg = Release|Any CPU
		{DCEAE6AF-DAF1-4630-AB90-54BB9D75C42F}.Release|Any CPU.Build.0 = Release|Any CPU
		{8AEBA5D9-87CD-4273-9E26-975B7BBE2A19}.Debug|Any CPU.ActiveCfg = Debug|Any CPU
		{8AEBA5D9-87CD-4273-9E26-975B7BBE2A19}.Debug|Any CPU.Build.0 = Debug|Any CPU
		{8AEBA5D9-87CD-4273-9E26-975B7BBE2A19}.Release|Any CPU.ActiveCfg = Release|Any CPU
		{8AEBA5D9-87CD-4273-9E26-975B7BBE2A19}.Release|Any CPU.Build.0 = Release|Any CPU
		{ABD64DC6-73CF-4287-B400-DAF8BD89893B}.Debug|Any CPU.ActiveCfg = Debug|Any CPU
		{ABD64DC6-73CF-4287-B400-DAF8BD89893B}.Debug|Any CPU.Build.0 = Debug|Any CPU
		{ABD64DC6-73CF-4287-B400-DAF8BD89893B}.Release|Any CPU.ActiveCfg = Release|Any CPU
		{ABD64DC6-73CF-4287-B400-DAF8BD89893B}.Release|Any CPU.Build.0 = Release|Any CPU
		{AD891DE8-5A4B-46D0-A2A9-D21F00E6C8A9}.Debug|Any CPU.ActiveCfg = Debug|Any CPU
		{AD891DE8-5A4B-46D0-A2A9-D21F00E6C8A9}.Debug|Any CPU.Build.0 = Debug|Any CPU
		{AD891DE8-5A4B-46D0-A2A9-D21F00E6C8A9}.Release|Any CPU.ActiveCfg = Release|Any CPU
		{AD891DE8-5A4B-46D0-A2A9-D21F00E6C8A9}.Release|Any CPU.Build.0 = Release|Any CPU
		{88028657-6823-4BE7-AAA1-E0F0070C0394}.Debug|Any CPU.ActiveCfg = Debug|Any CPU
		{88028657-6823-4BE7-AAA1-E0F0070C0394}.Debug|Any CPU.Build.0 = Debug|Any CPU
		{88028657-6823-4BE7-AAA1-E0F0070C0394}.Release|Any CPU.ActiveCfg = Release|Any CPU
		{88028657-6823-4BE7-AAA1-E0F0070C0394}.Release|Any CPU.Build.0 = Release|Any CPU
		{C0A5D72E-26E9-48B4-ADE2-A0CC35C4E12E}.Debug|Any CPU.ActiveCfg = Debug|Any CPU
		{C0A5D72E-26E9-48B4-ADE2-A0CC35C4E12E}.Debug|Any CPU.Build.0 = Debug|Any CPU
		{C0A5D72E-26E9-48B4-ADE2-A0CC35C4E12E}.Release|Any CPU.ActiveCfg = Release|Any CPU
		{C0A5D72E-26E9-48B4-ADE2-A0CC35C4E12E}.Release|Any CPU.Build.0 = Release|Any CPU
	EndGlobalSection
	GlobalSection(SolutionProperties) = preSolution
		HideSolutionNode = FALSE
	EndGlobalSection
	GlobalSection(NestedProjects) = preSolution
		{5E06B841-1F86-402E-9816-389DD1F0388A} = {16E79BEF-17F7-47C9-9B92-7431202561B9}
		{BBA5E013-E8A6-443D-A306-D873E7C752FB} = {16E79BEF-17F7-47C9-9B92-7431202561B9}
		{23794DCE-5045-4015-8D9B-2490D182647D} = {16E79BEF-17F7-47C9-9B92-7431202561B9}
		{040EBBF2-7AA5-4F9B-B60E-59D28CB769E3} = {BBA5E013-E8A6-443D-A306-D873E7C752FB}
		{A4E66CDF-6F8A-4952-8AE5-035E2172186D} = {23794DCE-5045-4015-8D9B-2490D182647D}
		{422EB419-BD89-4535-8372-B39193E80E42} = {A4E66CDF-6F8A-4952-8AE5-035E2172186D}
		{FE748F6F-8676-4B8A-952A-94C6782BA054} = {5E06B841-1F86-402E-9816-389DD1F0388A}
		{D7B785D5-D5A5-41B7-B072-03CD636769AB} = {FE748F6F-8676-4B8A-952A-94C6782BA054}
		{0BBBC7AC-06CE-426E-AB68-BE88548F2F2E} = {BBA5E013-E8A6-443D-A306-D873E7C752FB}
		{DCEAE6AF-DAF1-4630-AB90-54BB9D75C42F} = {0BBBC7AC-06CE-426E-AB68-BE88548F2F2E}
		{0F95BC0C-DB20-4457-BDC5-DCBEB22873E7} = {BBA5E013-E8A6-443D-A306-D873E7C752FB}
		{8AEBA5D9-87CD-4273-9E26-975B7BBE2A19} = {0F95BC0C-DB20-4457-BDC5-DCBEB22873E7}
		{103EC2E6-AF7A-42E2-B8F0-83CA76057BA0} = {BBA5E013-E8A6-443D-A306-D873E7C752FB}
		{12ACB10E-AC1C-4843-A876-72B0DE91F295} = {BBA5E013-E8A6-443D-A306-D873E7C752FB}
		{ABD64DC6-73CF-4287-B400-DAF8BD89893B} = {12ACB10E-AC1C-4843-A876-72B0DE91F295}
		{9CFA3893-F0A4-4E94-A143-998DC92274F2} = {BBA5E013-E8A6-443D-A306-D873E7C752FB}
		{AD891DE8-5A4B-46D0-A2A9-D21F00E6C8A9} = {9CFA3893-F0A4-4E94-A143-998DC92274F2}
		{88028657-6823-4BE7-AAA1-E0F0070C0394} = {103EC2E6-AF7A-42E2-B8F0-83CA76057BA0}
		{C0A5D72E-26E9-48B4-ADE2-A0CC35C4E12E} = {040EBBF2-7AA5-4F9B-B60E-59D28CB769E3}
	EndGlobalSection
	GlobalSection(ExtensibilityGlobals) = postSolution
		SolutionGuid = {255326F0-D1B1-4692-9506-81CAC10DB0BF}
	EndGlobalSection
EndGlobal
